
Microsoft Visual Studio Solution File, Format Version 12.00
# Visual Studio 15
VisualStudioVersion = 15.0.28307.779
MinimumVisualStudioVersion = 10.0.40219.1
Project("{FAE04EC0-301F-11D3-BF4B-00C04F79EFBC}") = "TestsProgaramms", "TestsProgaramms\TestsProgaramms.csproj", "{91BFFE6C-3A4D-4B9C-BC09-58BFEC54243E}"
EndProject
Project("{FAE04EC0-301F-11D3-BF4B-00C04F79EFBC}") = "DPLib", "DPLib\DPLib.csproj", "{D04281E4-3E22-4714-A9A9-26049A4EF10B}"
EndProject
Global
	GlobalSection(SolutionConfigurationPlatforms) = preSolution
		Debug|Any CPU = Debug|Any CPU
		Release|Any CPU = Release|Any CPU
	EndGlobalSection
	GlobalSection(ProjectConfigurationPlatforms) = postSolution
		{91BFFE6C-3A4D-4B9C-BC09-58BFEC54243E}.Debug|Any CPU.ActiveCfg = Debug|Any CPU
		{91BFFE6C-3A4D-4B9C-BC09-58BFEC54243E}.Debug|Any CPU.Build.0 = Debug|Any CPU
		{91BFFE6C-3A4D-4B9C-BC09-58BFEC54243E}.Release|Any CPU.ActiveCfg = Release|Any CPU
		{91BFFE6C-3A4D-4B9C-BC09-58BFEC54243E}.Release|Any CPU.Build.0 = Release|Any CPU
		{D04281E4-3E22-4714-A9A9-26049A4EF10B}.Debug|Any CPU.ActiveCfg = Debug|Any CPU
		{D04281E4-3E22-4714-A9A9-26049A4EF10B}.Debug|Any CPU.Build.0 = Debug|Any CPU
		{D04281E4-3E22-4714-A9A9-26049A4EF10B}.Release|Any CPU.ActiveCfg = Release|Any CPU
		{D04281E4-3E22-4714-A9A9-26049A4EF10B}.Release|Any CPU.Build.0 = Release|Any CPU
	EndGlobalSection
	GlobalSection(SolutionProperties) = preSolution
		HideSolutionNode = FALSE
	EndGlobalSection
	GlobalSection(ExtensibilityGlobals) = postSolution
		SolutionGuid = {F7CA39CD-A438-49BF-AFEA-067E0934ABDF}
	EndGlobalSection
EndGlobal
